// !$*UTF8*$!
{
	archiveVersion = 1;
	classes = {
	};
	objectVersion = 56;
	objects = {

/* Begin PBXBuildFile section */
		27A9F01C29938EC3003F21B1 /* PhotoCell.swift in Sources */ = {isa = PBXBuildFile; fileRef = 27A9F01B29938EC3003F21B1 /* PhotoCell.swift */; };
		27D1482E299127FC0033AB05 /* SampleMetricKitUITests.swift in Sources */ = {isa = PBXBuildFile; fileRef = 27D1482D299127FC0033AB05 /* SampleMetricKitUITests.swift */; };
		27D1483729912F310033AB05 /* MainViewController.swift in Sources */ = {isa = PBXBuildFile; fileRef = 27D1483629912F310033AB05 /* MainViewController.swift */; };
		27E8F3FE29910B740063E35A /* AppDelegate.swift in Sources */ = {isa = PBXBuildFile; fileRef = 27E8F3FD29910B740063E35A /* AppDelegate.swift */; };
		27E8F40029910B740063E35A /* SceneDelegate.swift in Sources */ = {isa = PBXBuildFile; fileRef = 27E8F3FF29910B740063E35A /* SceneDelegate.swift */; };
		27E8F40229910B740063E35A /* ViewController.swift in Sources */ = {isa = PBXBuildFile; fileRef = 27E8F40129910B740063E35A /* ViewController.swift */; };
		27E8F40529910B740063E35A /* Main.storyboard in Resources */ = {isa = PBXBuildFile; fileRef = 27E8F40329910B740063E35A /* Main.storyboard */; };
		27E8F40729910B750063E35A /* Assets.xcassets in Resources */ = {isa = PBXBuildFile; fileRef = 27E8F40629910B750063E35A /* Assets.xcassets */; };
		27E8F40A29910B750063E35A /* LaunchScreen.storyboard in Resources */ = {isa = PBXBuildFile; fileRef = 27E8F40829910B750063E35A /* LaunchScreen.storyboard */; };
/* End PBXBuildFile section */

/* Begin PBXContainerItemProxy section */
		27D14831299127FC0033AB05 /* PBXContainerItemProxy */ = {
			isa = PBXContainerItemProxy;
			containerPortal = 27E8F3F229910B740063E35A /* Project object */;
			proxyType = 1;
			remoteGlobalIDString = 27E8F3F929910B740063E35A;
			remoteInfo = SampleMetricKit;
		};
/* End PBXContainerItemProxy section */

/* Begin PBXFileReference section */
		27A9F01B29938EC3003F21B1 /* PhotoCell.swift */ = {isa = PBXFileReference; fileEncoding = 4; lastKnownFileType = sourcecode.swift; path = PhotoCell.swift; sourceTree = "<group>"; };
		27D1482B299127FB0033AB05 /* SampleMetricKitUITests.xctest */ = {isa = PBXFileReference; explicitFileType = wrapper.cfbundle; includeInIndex = 0; path = SampleMetricKitUITests.xctest; sourceTree = BUILT_PRODUCTS_DIR; };
		27D1482D299127FC0033AB05 /* SampleMetricKitUITests.swift */ = {isa = PBXFileReference; lastKnownFileType = sourcecode.swift; path = SampleMetricKitUITests.swift; sourceTree = "<group>"; };
		27D1483629912F310033AB05 /* MainViewController.swift */ = {isa = PBXFileReference; lastKnownFileType = sourcecode.swift; path = MainViewController.swift; sourceTree = "<group>"; };
		27E8F3FA29910B740063E35A /* SampleMetricKit.app */ = {isa = PBXFileReference; explicitFileType = wrapper.application; includeInIndex = 0; path = SampleMetricKit.app; sourceTree = BUILT_PRODUCTS_DIR; };
		27E8F3FD29910B740063E35A /* AppDelegate.swift */ = {isa = PBXFileReference; lastKnownFileType = sourcecode.swift; path = AppDelegate.swift; sourceTree = "<group>"; };
		27E8F3FF29910B740063E35A /* SceneDelegate.swift */ = {isa = PBXFileReference; lastKnownFileType = sourcecode.swift; path = SceneDelegate.swift; sourceTree = "<group>"; };
		27E8F40129910B740063E35A /* ViewController.swift */ = {isa = PBXFileReference; lastKnownFileType = sourcecode.swift; path = ViewController.swift; sourceTree = "<group>"; };
		27E8F40429910B740063E35A /* Base */ = {isa = PBXFileReference; lastKnownFileType = file.storyboard; name = Base; path = Base.lproj/Main.storyboard; sourceTree = "<group>"; };
		27E8F40629910B750063E35A /* Assets.xcassets */ = {isa = PBXFileReference; lastKnownFileType = folder.assetcatalog; path = Assets.xcassets; sourceTree = "<group>"; };
		27E8F40929910B750063E35A /* Base */ = {isa = PBXFileReference; lastKnownFileType = file.storyboard; name = Base; path = Base.lproj/LaunchScreen.storyboard; sourceTree = "<group>"; };
		27E8F40B29910B750063E35A /* Info.plist */ = {isa = PBXFileReference; lastKnownFileType = text.plist.xml; path = Info.plist; sourceTree = "<group>"; };
/* End PBXFileReference section */

/* Begin PBXFrameworksBuildPhase section */
		27D14828299127FB0033AB05 /* Frameworks */ = {
			isa = PBXFrameworksBuildPhase;
			buildActionMask = 2147483647;
			files = (
			);
			runOnlyForDeploymentPostprocessing = 0;
		};
		27E8F3F729910B740063E35A /* Frameworks */ = {
			isa = PBXFrameworksBuildPhase;
			buildActionMask = 2147483647;
			files = (
			);
			runOnlyForDeploymentPostprocessing = 0;
		};
/* End PBXFrameworksBuildPhase section */

/* Begin PBXGroup section */
		27D1482C299127FC0033AB05 /* SampleMetricKitUITests */ = {
			isa = PBXGroup;
			children = (
				27D1482D299127FC0033AB05 /* SampleMetricKitUITests.swift */,
			);
			path = SampleMetricKitUITests;
			sourceTree = "<group>";
		};
		27E8F3F129910B740063E35A = {
			isa = PBXGroup;
			children = (
				27E8F3FC29910B740063E35A /* SampleMetricKit */,
				27D1482C299127FC0033AB05 /* SampleMetricKitUITests */,
				27E8F3FB29910B740063E35A /* Products */,
			);
			sourceTree = "<group>";
		};
		27E8F3FB29910B740063E35A /* Products */ = {
			isa = PBXGroup;
			children = (
				27E8F3FA29910B740063E35A /* SampleMetricKit.app */,
				27D1482B299127FB0033AB05 /* SampleMetricKitUITests.xctest */,
			);
			name = Products;
			sourceTree = "<group>";
		};
		27E8F3FC29910B740063E35A /* SampleMetricKit */ = {
			isa = PBXGroup;
			children = (
				27E8F3FD29910B740063E35A /* AppDelegate.swift */,
				27E8F3FF29910B740063E35A /* SceneDelegate.swift */,
				27D1483629912F310033AB05 /* MainViewController.swift */,
				27E8F40129910B740063E35A /* ViewController.swift */,
				27A9F01B29938EC3003F21B1 /* PhotoCell.swift */,
				27E8F40329910B740063E35A /* Main.storyboard */,
				27E8F40629910B750063E35A /* Assets.xcassets */,
				27E8F40829910B750063E35A /* LaunchScreen.storyboard */,
				27E8F40B29910B750063E35A /* Info.plist */,
			);
			path = SampleMetricKit;
			sourceTree = "<group>";
		};
/* End PBXGroup section */

/* Begin PBXNativeTarget section */
		27D1482A299127FB0033AB05 /* SampleMetricKitUITests */ = {
			isa = PBXNativeTarget;
			buildConfigurationList = 27D14835299127FC0033AB05 /* Build configuration list for PBXNativeTarget "SampleMetricKitUITests" */;
			buildPhases = (
				27D14827299127FB0033AB05 /* Sources */,
				27D14828299127FB0033AB05 /* Frameworks */,
				27D14829299127FB0033AB05 /* Resources */,
			);
			buildRules = (
			);
			dependencies = (
				27D14832299127FC0033AB05 /* PBXTargetDependency */,
			);
			name = SampleMetricKitUITests;
			productName = SampleMetricKitUITests;
			productReference = 27D1482B299127FB0033AB05 /* SampleMetricKitUITests.xctest */;
			productType = "com.apple.product-type.bundle.ui-testing";
		};
		27E8F3F929910B740063E35A /* SampleMetricKit */ = {
			isa = PBXNativeTarget;
			buildConfigurationList = 27E8F40E29910B750063E35A /* Build configuration list for PBXNativeTarget "SampleMetricKit" */;
			buildPhases = (
				27E8F3F629910B740063E35A /* Sources */,
				27E8F3F729910B740063E35A /* Frameworks */,
				27E8F3F829910B740063E35A /* Resources */,
			);
			buildRules = (
			);
			dependencies = (
			);
			name = SampleMetricKit;
			productName = SampleMetricKit;
			productReference = 27E8F3FA29910B740063E35A /* SampleMetricKit.app */;
			productType = "com.apple.product-type.application";
		};
/* End PBXNativeTarget section */

/* Begin PBXProject section */
		27E8F3F229910B740063E35A /* Project object */ = {
			isa = PBXProject;
			attributes = {
				BuildIndependentTargetsInParallel = 1;
				LastSwiftUpdateCheck = 1420;
				LastUpgradeCheck = 1420;
				TargetAttributes = {
					27D1482A299127FB0033AB05 = {
						CreatedOnToolsVersion = 14.2;
						TestTargetID = 27E8F3F929910B740063E35A;
					};
					27E8F3F929910B740063E35A = {
						CreatedOnToolsVersion = 14.2;
					};
				};
			};
			buildConfigurationList = 27E8F3F529910B740063E35A /* Build configuration list for PBXProject "SampleMetricKit" */;
			compatibilityVersion = "Xcode 14.0";
			developmentRegion = en;
			hasScannedForEncodings = 0;
			knownRegions = (
				en,
				Base,
			);
			mainGroup = 27E8F3F129910B740063E35A;
			productRefGroup = 27E8F3FB29910B740063E35A /* Products */;
			projectDirPath = "";
			projectRoot = "";
			targets = (
				27E8F3F929910B740063E35A /* SampleMetricKit */,
				27D1482A299127FB0033AB05 /* SampleMetricKitUITests */,
			);
		};
/* End PBXProject section */

/* Begin PBXResourcesBuildPhase section */
		27D14829299127FB0033AB05 /* Resources */ = {
			isa = PBXResourcesBuildPhase;
			buildActionMask = 2147483647;
			files = (
			);
			runOnlyForDeploymentPostprocessing = 0;
		};
		27E8F3F829910B740063E35A /* Resources */ = {
			isa = PBXResourcesBuildPhase;
			buildActionMask = 2147483647;
			files = (
				27E8F40A29910B750063E35A /* LaunchScreen.storyboard in Resources */,
				27E8F40729910B750063E35A /* Assets.xcassets in Resources */,
				27E8F40529910B740063E35A /* Main.storyboard in Resources */,
			);
			runOnlyForDeploymentPostprocessing = 0;
		};
/* End PBXResourcesBuildPhase section */

/* Begin PBXSourcesBuildPhase section */
		27D14827299127FB0033AB05 /* Sources */ = {
			isa = PBXSourcesBuildPhase;
			buildActionMask = 2147483647;
			files = (
				27D1482E299127FC0033AB05 /* SampleMetricKitUITests.swift in Sources */,
			);
			runOnlyForDeploymentPostprocessing = 0;
		};
		27E8F3F629910B740063E35A /* Sources */ = {
			isa = PBXSourcesBuildPhase;
			buildActionMask = 2147483647;
			files = (
				27E8F40229910B740063E35A /* ViewController.swift in Sources */,
				27A9F01C29938EC3003F21B1 /* PhotoCell.swift in Sources */,
				27E8F3FE29910B740063E35A /* AppDelegate.swift in Sources */,
				27E8F40029910B740063E35A /* SceneDelegate.swift in Sources */,
				27D1483729912F310033AB05 /* MainViewController.swift in Sources */,
			);
			runOnlyForDeploymentPostprocessing = 0;
		};
/* End PBXSourcesBuildPhase section */

/* Begin PBXTargetDependency section */
		27D14832299127FC0033AB05 /* PBXTargetDependency */ = {
			isa = PBXTargetDependency;
			target = 27E8F3F929910B740063E35A /* SampleMetricKit */;
			targetProxy = 27D14831299127FC0033AB05 /* PBXContainerItemProxy */;
		};
/* End PBXTargetDependency section */

/* Begin PBXVariantGroup section */
		27E8F40329910B740063E35A /* Main.storyboard */ = {
			isa = PBXVariantGroup;
			children = (
				27E8F40429910B740063E35A /* Base */,
			);
			name = Main.storyboard;
			sourceTree = "<group>";
		};
		27E8F40829910B750063E35A /* LaunchScreen.storyboard */ = {
			isa = PBXVariantGroup;
			children = (
				27E8F40929910B750063E35A /* Base */,
			);
			name = LaunchScreen.storyboard;
			sourceTree = "<group>";
		};
/* End PBXVariantGroup section */

/* Begin XCBuildConfiguration section */
		27D14833299127FC0033AB05 /* Debug */ = {
			isa = XCBuildConfiguration;
			buildSettings = {
				CODE_SIGN_STYLE = Automatic;
				CURRENT_PROJECT_VERSION = 1;
				DEVELOPMENT_TEAM = 96SGFZ9U59;
				GENERATE_INFOPLIST_FILE = YES;
				MARKETING_VERSION = 1.0;
				PRODUCT_BUNDLE_IDENTIFIER = ru.tinkoff.SampleMetricKitUITests;
				PRODUCT_NAME = "$(TARGET_NAME)";
				SWIFT_EMIT_LOC_STRINGS = NO;
				SWIFT_VERSION = 5.0;
				TARGETED_DEVICE_FAMILY = "1,2";
				TEST_TARGET_NAME = SampleMetricKit;
			};
			name = Debug;
		};
		27D14834299127FC0033AB05 /* Release */ = {
			isa = XCBuildConfiguration;
			buildSettings = {
				CODE_SIGN_STYLE = Automatic;
				CURRENT_PROJECT_VERSION = 1;
				DEVELOPMENT_TEAM = 96SGFZ9U59;
				GENERATE_INFOPLIST_FILE = YES;
				MARKETING_VERSION = 1.0;
				PRODUCT_BUNDLE_IDENTIFIER = ru.tinkoff.SampleMetricKitUITests;
				PRODUCT_NAME = "$(TARGET_NAME)";
				SWIFT_EMIT_LOC_STRINGS = NO;
				SWIFT_VERSION = 5.0;
				TARGETED_DEVICE_FAMILY = "1,2";
				TEST_TARGET_NAME = SampleMetricKit;
			};
			name = Release;
		};
		27E8F40C29910B750063E35A /* Debug */ = {
			isa = XCBuildConfiguration;
			buildSettings = {
				ALWAYS_SEARCH_USER_PATHS = NO;
				CLANG_ANALYZER_NONNULL = YES;
				CLANG_ANALYZER_NUMBER_OBJECT_CONVERSION = YES_AGGRESSIVE;
				CLANG_CXX_LANGUAGE_STANDARD = "gnu++20";
				CLANG_ENABLE_MODULES = YES;
				CLANG_ENABLE_OBJC_ARC = YES;
				CLANG_ENABLE_OBJC_WEAK = YES;
				CLANG_WARN_BLOCK_CAPTURE_AUTORELEASING = YES;
				CLANG_WARN_BOOL_CONVERSION = YES;
				CLANG_WARN_COMMA = YES;
				CLANG_WARN_CONSTANT_CONVERSION = YES;
				CLANG_WARN_DEPRECATED_OBJC_IMPLEMENTATIONS = YES;
				CLANG_WARN_DIRECT_OBJC_ISA_USAGE = YES_ERROR;
				CLANG_WARN_DOCUMENTATION_COMMENTS = YES;
				CLANG_WARN_EMPTY_BODY = YES;
				CLANG_WARN_ENUM_CONVERSION = YES;
				CLANG_WARN_INFINITE_RECURSION = YES;
				CLANG_WARN_INT_CONVERSION = YES;
				CLANG_WARN_NON_LITERAL_NULL_CONVERSION = YES;
				CLANG_WARN_OBJC_IMPLICIT_RETAIN_SELF = YES;
				CLANG_WARN_OBJC_LITERAL_CONVERSION = YES;
				CLANG_WARN_OBJC_ROOT_CLASS = YES_ERROR;
				CLANG_WARN_QUOTED_INCLUDE_IN_FRAMEWORK_HEADER = YES;
				CLANG_WARN_RANGE_LOOP_ANALYSIS = YES;
				CLANG_WARN_STRICT_PROTOTYPES = YES;
				CLANG_WARN_SUSPICIOUS_MOVE = YES;
				CLANG_WARN_UNGUARDED_AVAILABILITY = YES_AGGRESSIVE;
				CLANG_WARN_UNREACHABLE_CODE = YES;
				CLANG_WARN__DUPLICATE_METHOD_MATCH = YES;
				COPY_PHASE_STRIP = NO;
				DEBUG_INFORMATION_FORMAT = dwarf;
				ENABLE_STRICT_OBJC_MSGSEND = YES;
				ENABLE_TESTABILITY = YES;
				GCC_C_LANGUAGE_STANDARD = gnu11;
				GCC_DYNAMIC_NO_PIC = NO;
				GCC_NO_COMMON_BLOCKS = YES;
				GCC_OPTIMIZATION_LEVEL = 0;
				GCC_PREPROCESSOR_DEFINITIONS = (
					"DEBUG=1",
					"$(inherited)",
				);
				GCC_WARN_64_TO_32_BIT_CONVERSION = YES;
				GCC_WARN_ABOUT_RETURN_TYPE = YES_ERROR;
				GCC_WARN_UNDECLARED_SELECTOR = YES;
				GCC_WARN_UNINITIALIZED_AUTOS = YES_AGGRESSIVE;
				GCC_WARN_UNUSED_FUNCTION = YES;
				GCC_WARN_UNUSED_VARIABLE = YES;
				IPHONEOS_DEPLOYMENT_TARGET = 16.2;
				MTL_ENABLE_DEBUG_INFO = INCLUDE_SOURCE;
				MTL_FAST_MATH = YES;
				ONLY_ACTIVE_ARCH = YES;
				SDKROOT = iphoneos;
				SWIFT_ACTIVE_COMPILATION_CONDITIONS = DEBUG;
				SWIFT_OPTIMIZATION_LEVEL = "-Onone";
			};
			name = Debug;
		};
		27E8F40D29910B750063E35A /* Release */ = {
			isa = XCBuildConfiguration;
			buildSettings = {
				ALWAYS_SEARCH_USER_PATHS = NO;
				CLANG_ANALYZER_NONNULL = YES;
				CLANG_ANALYZER_NUMBER_OBJECT_CONVERSION = YES_AGGRESSIVE;
				CLANG_CXX_LANGUAGE_STANDARD = "gnu++20";
				CLANG_ENABLE_MODULES = YES;
				CLANG_ENABLE_OBJC_ARC = YES;
				CLANG_ENABLE_OBJC_WEAK = YES;
				CLANG_WARN_BLOCK_CAPTURE_AUTORELEASING = YES;
				CLANG_WARN_BOOL_CONVERSION = YES;
				CLANG_WARN_COMMA = YES;
				CLANG_WARN_CONSTANT_CONVERSION = YES;
				CLANG_WARN_DEPRECATED_OBJC_IMPLEMENTATIONS = YES;
				CLANG_WARN_DIRECT_OBJC_ISA_USAGE = YES_ERROR;
				CLANG_WARN_DOCUMENTATION_COMMENTS = YES;
				CLANG_WARN_EMPTY_BODY = YES;
				CLANG_WARN_ENUM_CONVERSION = YES;
				CLANG_WARN_INFINITE_RECURSION = YES;
				CLANG_WARN_INT_CONVERSION = YES;
				CLANG_WARN_NON_LITERAL_NULL_CONVERSION = YES;
				CLANG_WARN_OBJC_IMPLICIT_RETAIN_SELF = YES;
				CLANG_WARN_OBJC_LITERAL_CONVERSION = YES;
				CLANG_WARN_OBJC_ROOT_CLASS = YES_ERROR;
				CLANG_WARN_QUOTED_INCLUDE_IN_FRAMEWORK_HEADER = YES;
				CLANG_WARN_RANGE_LOOP_ANALYSIS = YES;
				CLANG_WARN_STRICT_PROTOTYPES = YES;
				CLANG_WARN_SUSPICIOUS_MOVE = YES;
				CLANG_WARN_UNGUARDED_AVAILABILITY = YES_AGGRESSIVE;
				CLANG_WARN_UNREACHABLE_CODE = YES;
				CLANG_WARN__DUPLICATE_METHOD_MATCH = YES;
				COPY_PHASE_STRIP = NO;
				DEBUG_INFORMATION_FORMAT = "dwarf-with-dsym";
				ENABLE_NS_ASSERTIONS = NO;
				ENABLE_STRICT_OBJC_MSGSEND = YES;
				GCC_C_LANGUAGE_STANDARD = gnu11;
				GCC_NO_COMMON_BLOCKS = YES;
				GCC_WARN_64_TO_32_BIT_CONVERSION = YES;
				GCC_WARN_ABOUT_RETURN_TYPE = YES_ERROR;
				GCC_WARN_UNDECLARED_SELECTOR = YES;
				GCC_WARN_UNINITIALIZED_AUTOS = YES_AGGRESSIVE;
				GCC_WARN_UNUSED_FUNCTION = YES;
				GCC_WARN_UNUSED_VARIABLE = YES;
				IPHONEOS_DEPLOYMENT_TARGET = 16.2;
				MTL_ENABLE_DEBUG_INFO = NO;
				MTL_FAST_MATH = YES;
				SDKROOT = iphoneos;
				SWIFT_COMPILATION_MODE = wholemodule;
				SWIFT_OPTIMIZATION_LEVEL = "-O";
				VALIDATE_PRODUCT = YES;
			};
			name = Release;
		};
		27E8F40F29910B750063E35A /* Debug */ = {
			isa = XCBuildConfiguration;
			buildSettings = {
				ASSETCATALOG_COMPILER_APPICON_NAME = AppIcon;
				ASSETCATALOG_COMPILER_GLOBAL_ACCENT_COLOR_NAME = AccentColor;
				CODE_SIGN_STYLE = Automatic;
				CURRENT_PROJECT_VERSION = 1;
				DEVELOPMENT_TEAM = 96SGFZ9U59;
				GENERATE_INFOPLIST_FILE = YES;
				INFOPLIST_FILE = SampleMetricKit/Info.plist;
				INFOPLIST_KEY_UIApplicationSupportsIndirectInputEvents = YES;
				INFOPLIST_KEY_UILaunchStoryboardName = LaunchScreen;
				INFOPLIST_KEY_UIMainStoryboardFile = Main;
				INFOPLIST_KEY_UISupportedInterfaceOrientations_iPad = "UIInterfaceOrientationPortrait UIInterfaceOrientationPortraitUpsideDown UIInterfaceOrientationLandscapeLeft UIInterfaceOrientationLandscapeRight";
				INFOPLIST_KEY_UISupportedInterfaceOrientations_iPhone = "UIInterfaceOrientationPortrait UIInterfaceOrientationLandscapeLeft UIInterfaceOrientationLandscapeRight";
				LD_RUNPATH_SEARCH_PATHS = (
					"$(inherited)",
					"@executable_path/Frameworks",
				);
				MARKETING_VERSION = 1.0;
				PRODUCT_BUNDLE_IDENTIFIER = ru.tinkoff.SampleMetricKit;
				PRODUCT_NAME = "$(TARGET_NAME)";
				SWIFT_EMIT_LOC_STRINGS = YES;
				SWIFT_VERSION = 5.0;
				TARGETED_DEVICE_FAMILY = "1,2";
			};
			name = Debug;
		};
		27E8F41029910B750063E35A /* Release */ = {
			isa = XCBuildConfiguration;
			buildSettings = {
				ASSETCATALOG_COMPILER_APPICON_NAME = AppIcon;
				ASSETCATALOG_COMPILER_GLOBAL_ACCENT_COLOR_NAME = AccentColor;
				CODE_SIGN_STYLE = Automatic;
				CURRENT_PROJECT_VERSION = 1;
				DEVELOPMENT_TEAM = 96SGFZ9U59;
				GENERATE_INFOPLIST_FILE = YES;
				INFOPLIST_FILE = SampleMetricKit/Info.plist;
				INFOPLIST_KEY_UIApplicationSupportsIndirectInputEvents = YES;
				INFOPLIST_KEY_UILaunchStoryboardName = LaunchScreen;
				INFOPLIST_KEY_UIMainStoryboardFile = Main;
				INFOPLIST_KEY_UISupportedInterfaceOrientations_iPad = "UIInterfaceOrientationPortrait UIInterfaceOrientationPortraitUpsideDown UIInterfaceOrientationLandscapeLeft UIInterfaceOrientationLandscapeRight";
				INFOPLIST_KEY_UISupportedInterfaceOrientations_iPhone = "UIInterfaceOrientationPortrait UIInterfaceOrientationLandscapeLeft UIInterfaceOrientationLandscapeRight";
				LD_RUNPATH_SEARCH_PATHS = (
					"$(inherited)",
					"@executable_path/Frameworks",
				);
				MARKETING_VERSION = 1.0;
				PRODUCT_BUNDLE_IDENTIFIER = ru.tinkoff.SampleMetricKit;
				PRODUCT_NAME = "$(TARGET_NAME)";
				SWIFT_EMIT_LOC_STRINGS = YES;
				SWIFT_VERSION = 5.0;
				TARGETED_DEVICE_FAMILY = "1,2";
			};
			name = Release;
		};
/* End XCBuildConfiguration section */

/* Begin XCConfigurationList section */
		27D14835299127FC0033AB05 /* Build configuration list for PBXNativeTarget "SampleMetricKitUITests" */ = {
			isa = XCConfigurationList;
			buildConfigurations = (
				27D14833299127FC0033AB05 /* Debug */,
				27D14834299127FC0033AB05 /* Release */,
			);
			defaultConfigurationIsVisible = 0;
			defaultConfigurationName = Release;
		};
		27E8F3F529910B740063E35A /* Build configuration list for PBXProject "SampleMetricKit" */ = {
			isa = XCConfigurationList;
			buildConfigurations = (
				27E8F40C29910B750063E35A /* Debug */,
				27E8F40D29910B750063E35A /* Release */,
			);
			defaultConfigurationIsVisible = 0;
			defaultConfigurationName = Release;
		};
		27E8F40E29910B750063E35A /* Build configuration list for PBXNativeTarget "SampleMetricKit" */ = {
			isa = XCConfigurationList;
			buildConfigurations = (
				27E8F40F29910B750063E35A /* Debug */,
				27E8F41029910B750063E35A /* Release */,
			);
			defaultConfigurationIsVisible = 0;
			defaultConfigurationName = Release;
		};
/* End XCConfigurationList section */
	};
	rootObject = 27E8F3F229910B740063E35A /* Project object */;
}
